
Microsoft Visual Studio Solution File, Format Version 12.00
# Visual Studio 14
VisualStudioVersion = 14.0.25420.1
MinimumVisualStudioVersion = 10.0.40219.1
Project("{D954291E-2A0B-460D-934E-DC6B0785DB48}") = "SharedProject", "SharedProject\SharedProject.shproj", "{C686237F-6997-4FC2-9412-D714C0777F4B}"
EndProject
Project("{FAE04EC0-301F-11D3-BF4B-00C04F79EFBC}") = "AndroidApp", "AndroidApp\AndroidApp.csproj", "{262E48F0-7D36-4C27-A149-EEB6DEAFB938}"
EndProject
Global
	GlobalSection(SharedMSBuildProjectFiles) = preSolution
		SharedProject\SharedProject.projitems*{262e48f0-7d36-4c27-a149-eeb6deafb938}*SharedItemsImports = 4
		SharedProject\SharedProject.projitems*{c686237f-6997-4fc2-9412-d714c0777f4b}*SharedItemsImports = 13
	EndGlobalSection
	GlobalSection(SolutionConfigurationPlatforms) = preSolution
		Debug|Any CPU = Debug|Any CPU
		Release|Any CPU = Release|Any CPU
	EndGlobalSection
	GlobalSection(ProjectConfigurationPlatforms) = postSolution
		{262E48F0-7D36-4C27-A149-EEB6DEAFB938}.Debug|Any CPU.ActiveCfg = Debug|Any CPU
		{262E48F0-7D36-4C27-A149-EEB6DEAFB938}.Debug|Any CPU.Build.0 = Debug|Any CPU
		{262E48F0-7D36-4C27-A149-EEB6DEAFB938}.Debug|Any CPU.Deploy.0 = Debug|Any CPU
		{262E48F0-7D36-4C27-A149-EEB6DEAFB938}.Release|Any CPU.ActiveCfg = Release|Any CPU
		{262E48F0-7D36-4C27-A149-EEB6DEAFB938}.Release|Any CPU.Build.0 = Release|Any CPU
		{262E48F0-7D36-4C27-A149-EEB6DEAFB938}.Release|Any CPU.Deploy.0 = Release|Any CPU
	EndGlobalSection
	GlobalSection(SolutionProperties) = preSolution
		HideSolutionNode = FALSE
	EndGlobalSection
EndGlobal
